
Microsoft Visual Studio Solution File, Format Version 12.00
# Visual Studio 15
VisualStudioVersion = 15.0.27130.2010
MinimumVisualStudioVersion = 10.0.40219.1
Project("{FAE04EC0-301F-11D3-BF4B-00C04F79EFBC}") = "ChatMvcSignalR", "ChatMvcSignalR\ChatMvcSignalR.csproj", "{14CD6ABA-11FF-43AC-A4C0-6887DFE18B7E}"
EndProject
Global
	GlobalSection(SolutionConfigurationPlatforms) = preSolution
		Debug|Any CPU = Debug|Any CPU
		Release|Any CPU = Release|Any CPU
	EndGlobalSection
	GlobalSection(ProjectConfigurationPlatforms) = postSolution
		{14CD6ABA-11FF-43AC-A4C0-6887DFE18B7E}.Debug|Any CPU.ActiveCfg = Debug|Any CPU
		{14CD6ABA-11FF-43AC-A4C0-6887DFE18B7E}.Debug|Any CPU.Build.0 = Debug|Any CPU
		{14CD6ABA-11FF-43AC-A4C0-6887DFE18B7E}.Release|Any CPU.ActiveCfg = Release|Any CPU
		{14CD6ABA-11FF-43AC-A4C0-6887DFE18B7E}.Release|Any CPU.Build.0 = Release|Any CPU
	EndGlobalSection
	GlobalSection(SolutionProperties) = preSolution
		HideSolutionNode = FALSE
	EndGlobalSection
	GlobalSection(ExtensibilityGlobals) = postSolution
		SolutionGuid = {F4EB508E-0A25-4048-ADAC-9245943E543C}
	EndGlobalSection
EndGlobal
